
Microsoft Visual Studio Solution File, Format Version 12.00
# Visual Studio Version 17
VisualStudioVersion = 17.14.36511.14 d17.14
MinimumVisualStudioVersion = 10.0.40219.1
Project("{8BC9CEB8-8B4A-11D0-8D11-00A0C91BC942}") = "CFDNACA", "CFDNACA\CFDNACA.vcxproj", "{5C26BDE5-8306-474E-A49D-BE229F879C6B}"
EndProject
Global
	GlobalSection(SolutionConfigurationPlatforms) = preSolution
		Debug|x64 = Debug|x64
		Debug|x86 = Debug|x86
		Release|x64 = Release|x64
		Release|x86 = Release|x86
	EndGlobalSection
	GlobalSection(ProjectConfigurationPlatforms) = postSolution
		{5C26BDE5-8306-474E-A49D-BE229F879C6B}.Debug|x64.ActiveCfg = Debug|x64
		{5C26BDE5-8306-474E-A49D-BE229F879C6B}.Debug|x64.Build.0 = Debug|x64
		{5C26BDE5-8306-474E-A49D-BE229F879C6B}.Debug|x86.ActiveCfg = Debug|Win32
		{5C26BDE5-8306-474E-A49D-BE229F879C6B}.Debug|x86.Build.0 = Debug|Win32
		{5C26BDE5-8306-474E-A49D-BE229F879C6B}.Release|x64.ActiveCfg = Release|x64
		{5C26BDE5-8306-474E-A49D-BE229F879C6B}.Release|x64.Build.0 = Release|x64
		{5C26BDE5-8306-474E-A49D-BE229F879C6B}.Release|x86.ActiveCfg = Release|Win32
		{5C26BDE5-8306-474E-A49D-BE229F879C6B}.Release|x86.Build.0 = Release|Win32
	EndGlobalSection
	GlobalSection(SolutionProperties) = preSolution
		HideSolutionNode = FALSE
	EndGlobalSection
	GlobalSection(ExtensibilityGlobals) = postSolution
		SolutionGuid = {1D3CF504-C594-4E5C-87A9-DB627D051043}
	EndGlobalSection
EndGlobal
