<?xml version="1.0" encoding="utf-8"?>
<Project ToolsVersion="4.0" xmlns="http://schemas.microsoft.com/developer/msbuild/2003">
  <ItemGroup>
    <Filter Include="源文件">
      <UniqueIdentifier>{4FC737F1-C7A5-4376-A066-2A32D752A2FF}</UniqueIdentifier>
      <Extensions>cpp;c;cc;cxx;c++;cppm;ixx;def;odl;idl;hpj;bat;asm;asmx</Extensions>
    </Filter>
    <Filter Include="头文件">
      <UniqueIdentifier>{93995380-89BD-4b04-88EB-625FBE52EBFB}</UniqueIdentifier>
      <Extensions>h;hh;hpp;hxx;h++;hm;inl;inc;ipp;xsd</Extensions>
    </Filter>
    <Filter Include="资源文件">
      <UniqueIdentifier>{67DA6AB6-F800-4c08-8B7A-83BB121AAD01}</UniqueIdentifier>
      <Extensions>rc;ico;cur;bmp;dlg;rc2;rct;bin;rgs;gif;jpg;jpeg;jpe;resx;tiff;tif;png;wav;mfcribbon-ms</Extensions>
    </Filter>
  </ItemGroup>
  <ItemGroup>
    <ClCompile Include="src\Boundaries\Boundary.cpp">
      <Filter>源文件</Filter>
    </ClCompile>
    <ClCompile Include="src\IO\MeshLoader.cpp">
      <Filter>源文件</Filter>
    </ClCompile>
    <ClCompile Include="src\IO\TecplotWriter.cpp">
      <Filter>源文件</Filter>
    </ClCompile>
    <ClCompile Include="src\Numerics\RoeFlux.cpp">
      <Filter>源文件</Filter>
    </ClCompile>
    <ClCompile Include="src\Solver\EulerSolver2D.cpp">
      <Filter>源文件</Filter>
    </ClCompile>
    <ClCompile Include="src\TimeIntegration\RungeKutta3.cpp">
      <Filter>源文件</Filter>
    </ClCompile>
    <ClCompile Include="src\main.cpp">
      <Filter>源文件</Filter>
    </ClCompile>
    <ClCompile Include="src\Numerics\ViscousFlux.cpp">
      <Filter>源文件</Filter>
    </ClCompile>
    <ClCompile Include="src\Solver\NavierStokesSolver2D.cpp">
      <Filter>源文件</Filter>
    </ClCompile>
  </ItemGroup>
  <ItemGroup>
    <ClInclude Include="src\Boundaries\Boundary.h">
      <Filter>头文件</Filter>
    </ClInclude>
    <ClInclude Include="src\Core\Type.h">
      <Filter>头文件</Filter>
    </ClInclude>
    <ClInclude Include="src\IO\MeshLoader.h">
      <Filter>头文件</Filter>
    </ClInclude>
    <ClInclude Include="src\IO\TecplotWriter.h">
      <Filter>头文件</Filter>
    </ClInclude>
    <ClInclude Include="src\Numerics\RoeFlux.h">
      <Filter>头文件</Filter>
    </ClInclude>
    <ClInclude Include="src\Solver\EulerSolver2D.h">
      <Filter>头文件</Filter>
    </ClInclude>
    <ClInclude Include="src\TimeIntegration\RungeKutta3.h">
      <Filter>头文件</Filter>
    </ClInclude>
    <ClInclude Include="src\Core\config.h">
      <Filter>头文件</Filter>
    </ClInclude>
    <ClInclude Include="src\Numerics\ViscousFlux.h">
      <Filter>头文件</Filter>
    </ClInclude>
    <ClInclude Include="src\Solver\NavierStokesSolver2D.h">
      <Filter>头文件</Filter>
    </ClInclude>
  </ItemGroup>
</Project>